<?xml version="1.0" encoding="UTF-8" standalone="yes" ?>
<CodeBlocks_project_file>
	<FileVersion major="1" minor="6" />
	<Project>
		<Option title="psymp3" />
		<Option pch_mode="2" />
		<Option compiler="gcc" />
		<Build>
			<Target title="Debug">
				<Option output="bin/Debug/psymp3" prefix_auto="1" extension_auto="1" />
				<Option object_output="obj/Debug/" />
				<Option type="1" />
				<Option compiler="gcc" />
				<Compiler>
					<Add option="-g" />
				</Compiler>
			</Target>
			<Target title="Release">
				<Option output="bin/Release/psymp3" prefix_auto="1" extension_auto="1" />
				<Option object_output="obj/Release/" />
				<Option type="0" />
				<Option compiler="gcc" />
				<Compiler>
					<Add option="-O2" />
				</Compiler>
				<Linker>
					<Add option="-s" />
				</Linker>
			</Target>
		</Build>
		<Compiler>
			<Add option="-Wall" />
			<Add option="`sdl-config --cflags`" />
			<Add directory="include" />
		</Compiler>
		<Linker>
			<Add option="`sdl-config --libs`" />
			<Add option="`pkg-config SDL_gfx --libs`" />
		</Linker>
		<Unit filename="cb.bmp" />
		<Unit filename="include/about.h" />
		<Unit filename="include/display.h" />
		<Unit filename="include/fft_draw.h" />
		<Unit filename="include/libmpg123w.h" />
		<Unit filename="include/player.h" />
		<Unit filename="include/playlist.h" />
		<Unit filename="include/psymp3.h" />
		<Unit filename="include/stream.h" />
		<Unit filename="include/surface.h" />
		<Unit filename="include/track.h" />
		<Unit filename="include/vorbisw.h" />
		<Unit filename="main.cpp" />
		<Unit filename="src/about.cpp" />
		<Unit filename="src/display.cpp" />
		<Unit filename="src/fft_draw.cpp" />
		<Unit filename="src/libmpg123.cpp" />
		<Unit filename="src/player.cpp" />
		<Unit filename="src/playlist.cpp" />
		<Unit filename="src/stream.cpp" />
		<Unit filename="src/surface.cpp" />
		<Unit filename="src/track.cpp" />
		<Unit filename="src/vorbis.cpp" />
		<Extensions>
			<code_completion />
			<debugger />
		</Extensions>
	</Project>
</CodeBlocks_project_file>
